
Microsoft Visual Studio Solution File, Format Version 12.00
# Visual Studio Version 16
VisualStudioVersion = 16.0.31410.357
MinimumVisualStudioVersion = 10.0.40219.1
Project("{FAE04EC0-301F-11D3-BF4B-00C04F79EFBC}") = "miniShop.API", "miniShop.API\miniShop.API.csproj", "{553B1D7F-1C28-4CD4-972A-B791A0865B14}"
EndProject
Project("{FAE04EC0-301F-11D3-BF4B-00C04F79EFBC}") = "miniShop.EFCore", "miniShop.EFCore\miniShop.EFCore.csproj", "{B40E8ABF-AA80-4F8F-B4DE-AC54725F4EB7}"
EndProject
Project("{FAE04EC0-301F-11D3-BF4B-00C04F79EFBC}") = "miniShop.Models", "miniShop.Models\miniShop.Models.csproj", "{C1A3A97F-D6A4-4F78-A0DC-5DA6F0AD7BC1}"
EndProject
Project("{FAE04EC0-301F-11D3-BF4B-00C04F79EFBC}") = "miniShop.Business", "miniShop.Business\miniShop.Business.csproj", "{4C53C169-A4C1-4EC9-8A38-AE8E6D0481A4}"
EndProject
Project("{FAE04EC0-301F-11D3-BF4B-00C04F79EFBC}") = "miniShop.DataAccess", "miniShop.DataAccess\miniShop.DataAccess.csproj", "{15456105-9246-4CBC-AD3D-4520931DC98B}"
EndProject
Global
	GlobalSection(SolutionConfigurationPlatforms) = preSolution
		Debug|Any CPU = Debug|Any CPU
		Release|Any CPU = Release|Any CPU
	EndGlobalSection
	GlobalSection(ProjectConfigurationPlatforms) = postSolution
		{553B1D7F-1C28-4CD4-972A-B791A0865B14}.Debug|Any CPU.ActiveCfg = Debug|Any CPU
		{553B1D7F-1C28-4CD4-972A-B791A0865B14}.Debug|Any CPU.Build.0 = Debug|Any CPU
		{553B1D7F-1C28-4CD4-972A-B791A0865B14}.Release|Any CPU.ActiveCfg = Release|Any CPU
		{553B1D7F-1C28-4CD4-972A-B791A0865B14}.Release|Any CPU.Build.0 = Release|Any CPU
		{B40E8ABF-AA80-4F8F-B4DE-AC54725F4EB7}.Debug|Any CPU.ActiveCfg = Debug|Any CPU
		{B40E8ABF-AA80-4F8F-B4DE-AC54725F4EB7}.Debug|Any CPU.Build.0 = Debug|Any CPU
		{B40E8ABF-AA80-4F8F-B4DE-AC54725F4EB7}.Release|Any CPU.ActiveCfg = Release|Any CPU
		{B40E8ABF-AA80-4F8F-B4DE-AC54725F4EB7}.Release|Any CPU.Build.0 = Release|Any CPU
		{C1A3A97F-D6A4-4F78-A0DC-5DA6F0AD7BC1}.Debug|Any CPU.ActiveCfg = Debug|Any CPU
		{C1A3A97F-D6A4-4F78-A0DC-5DA6F0AD7BC1}.Debug|Any CPU.Build.0 = Debug|Any CPU
		{C1A3A97F-D6A4-4F78-A0DC-5DA6F0AD7BC1}.Release|Any CPU.ActiveCfg = Release|Any CPU
		{C1A3A97F-D6A4-4F78-A0DC-5DA6F0AD7BC1}.Release|Any CPU.Build.0 = Release|Any CPU
		{4C53C169-A4C1-4EC9-8A38-AE8E6D0481A4}.Debug|Any CPU.ActiveCfg = Debug|Any CPU
		{4C53C169-A4C1-4EC9-8A38-AE8E6D0481A4}.Debug|Any CPU.Build.0 = Debug|Any CPU
		{4C53C169-A4C1-4EC9-8A38-AE8E6D0481A4}.Release|Any CPU.ActiveCfg = Release|Any CPU
		{4C53C169-A4C1-4EC9-8A38-AE8E6D0481A4}.Release|Any CPU.Build.0 = Release|Any CPU
		{15456105-9246-4CBC-AD3D-4520931DC98B}.Debug|Any CPU.ActiveCfg = Debug|Any CPU
		{15456105-9246-4CBC-AD3D-4520931DC98B}.Debug|Any CPU.Build.0 = Debug|Any CPU
		{15456105-9246-4CBC-AD3D-4520931DC98B}.Release|Any CPU.ActiveCfg = Release|Any CPU
		{15456105-9246-4CBC-AD3D-4520931DC98B}.Release|Any CPU.Build.0 = Release|Any CPU
	EndGlobalSection
	GlobalSection(SolutionProperties) = preSolution
		HideSolutionNode = FALSE
	EndGlobalSection
	GlobalSection(ExtensibilityGlobals) = postSolution
		SolutionGuid = {6D6D59C7-CC14-40CC-83EF-290DC1190894}
	EndGlobalSection
EndGlobal
